// !$*UTF8*$!
{
	archiveVersion = 1;
	classes = {
	};
	objectVersion = 56;
	objects = {

/* Begin PBXBuildFile section */
		8B172B612A4F0B84003C0CEF /* UnitTests.cpp in Sources */ = {isa = PBXBuildFile; fileRef = 8B172B5F2A4F0B84003C0CEF /* UnitTests.cpp */; };
		8B446DEB2A4E0A580066BDC8 /* main.cpp in Sources */ = {isa = PBXBuildFile; fileRef = 8B446DEA2A4E0A580066BDC8 /* main.cpp */; };
		8B446E012A4E0AB10066BDC8 /* TestAllocator.cpp in Sources */ = {isa = PBXBuildFile; fileRef = 8B446DF32A4E0AB10066BDC8 /* TestAllocator.cpp */; };
		8B446E022A4E0AB10066BDC8 /* TestClass.cpp in Sources */ = {isa = PBXBuildFile; fileRef = 8B446DF52A4E0AB10066BDC8 /* TestClass.cpp */; };
		8B446E032A4E0AB10066BDC8 /* TestClassResult.cpp in Sources */ = {isa = PBXBuildFile; fileRef = 8B446DFA2A4E0AB10066BDC8 /* TestClassResult.cpp */; };
		8B446E042A4E0AB10066BDC8 /* TestCollection.cpp in Sources */ = {isa = PBXBuildFile; fileRef = 8B446DFB2A4E0AB10066BDC8 /* TestCollection.cpp */; };
		8B446E052A4E0AB10066BDC8 /* Timer.cpp in Sources */ = {isa = PBXBuildFile; fileRef = 8B446DFC2A4E0AB10066BDC8 /* Timer.cpp */; };
		8B446E062A4E0AB10066BDC8 /* TestMethodResult.cpp in Sources */ = {isa = PBXBuildFile; fileRef = 8B446DFE2A4E0AB10066BDC8 /* TestMethodResult.cpp */; };
		8B446E072A4E0AB10066BDC8 /* TestError.cpp in Sources */ = {isa = PBXBuildFile; fileRef = 8B446DFF2A4E0AB10066BDC8 /* TestError.cpp */; };
		8B95829C2A556FAA0067F2F3 /* BigInteger.cpp in Sources */ = {isa = PBXBuildFile; fileRef = 8B95829A2A556FAA0067F2F3 /* BigInteger.cpp */; };
		8BD7D5062A56CCB10041095A /* BitChunk.cpp in Sources */ = {isa = PBXBuildFile; fileRef = 8BD7D5042A56CCB10041095A /* BitChunk.cpp */; };
		8BD7D5092A56CCBC0041095A /* String.cpp in Sources */ = {isa = PBXBuildFile; fileRef = 8BD7D5072A56CCBC0041095A /* String.cpp */; };
/* End PBXBuildFile section */

/* Begin PBXCopyFilesBuildPhase section */
		8B446DE52A4E0A580066BDC8 /* CopyFiles */ = {
			isa = PBXCopyFilesBuildPhase;
			buildActionMask = 2147483647;
			dstPath = /usr/share/man/man1/;
			dstSubfolderSpec = 0;
			files = (
			);
			runOnlyForDeploymentPostprocessing = 1;
		};
/* End PBXCopyFilesBuildPhase section */

/* Begin PBXFileReference section */
		8B172B5F2A4F0B84003C0CEF /* UnitTests.cpp */ = {isa = PBXFileReference; lastKnownFileType = sourcecode.cpp.cpp; path = UnitTests.cpp; sourceTree = "<group>"; };
		8B172B602A4F0B84003C0CEF /* UnitTests.hpp */ = {isa = PBXFileReference; lastKnownFileType = sourcecode.cpp.h; path = UnitTests.hpp; sourceTree = "<group>"; };
		8B2E60EB2A5725910054CFB4 /* StringTests.hpp */ = {isa = PBXFileReference; lastKnownFileType = sourcecode.cpp.h; path = StringTests.hpp; sourceTree = "<group>"; };
		8B2E60EC2A5737FB0054CFB4 /* BitChunkTests.hpp */ = {isa = PBXFileReference; lastKnownFileType = sourcecode.cpp.h; path = BitChunkTests.hpp; sourceTree = "<group>"; };
		8B446DE72A4E0A580066BDC8 /* AmvilinaCore */ = {isa = PBXFileReference; explicitFileType = "compiled.mach-o.executable"; includeInIndex = 0; path = AmvilinaCore; sourceTree = BUILT_PRODUCTS_DIR; };
		8B446DEA2A4E0A580066BDC8 /* main.cpp */ = {isa = PBXFileReference; lastKnownFileType = sourcecode.cpp.cpp; path = main.cpp; sourceTree = "<group>"; };
		8B446DF22A4E0AB10066BDC8 /* TestMethodResult.hpp */ = {isa = PBXFileReference; fileEncoding = 4; lastKnownFileType = sourcecode.cpp.h; path = TestMethodResult.hpp; sourceTree = "<group>"; };
		8B446DF32A4E0AB10066BDC8 /* TestAllocator.cpp */ = {isa = PBXFileReference; fileEncoding = 4; lastKnownFileType = sourcecode.cpp.cpp; path = TestAllocator.cpp; sourceTree = "<group>"; };
		8B446DF42A4E0AB10066BDC8 /* TestError.hpp */ = {isa = PBXFileReference; fileEncoding = 4; lastKnownFileType = sourcecode.cpp.h; path = TestError.hpp; sourceTree = "<group>"; };
		8B446DF52A4E0AB10066BDC8 /* TestClass.cpp */ = {isa = PBXFileReference; fileEncoding = 4; lastKnownFileType = sourcecode.cpp.cpp; path = TestClass.cpp; sourceTree = "<group>"; };
		8B446DF62A4E0AB10066BDC8 /* TestClassResult.hpp */ = {isa = PBXFileReference; fileEncoding = 4; lastKnownFileType = sourcecode.cpp.h; path = TestClassResult.hpp; sourceTree = "<group>"; };
		8B446DF72A4E0AB10066BDC8 /* TestAllocator.hpp */ = {isa = PBXFileReference; fileEncoding = 4; lastKnownFileType = sourcecode.cpp.h; path = TestAllocator.hpp; sourceTree = "<group>"; };
		8B446DF82A4E0AB10066BDC8 /* TestCollection.hpp */ = {isa = PBXFileReference; fileEncoding = 4; lastKnownFileType = sourcecode.cpp.h; path = TestCollection.hpp; sourceTree = "<group>"; };
		8B446DF92A4E0AB10066BDC8 /* Assert.hpp */ = {isa = PBXFileReference; fileEncoding = 4; lastKnownFileType = sourcecode.cpp.h; path = Assert.hpp; sourceTree = "<group>"; };
		8B446DFA2A4E0AB10066BDC8 /* TestClassResult.cpp */ = {isa = PBXFileReference; fileEncoding = 4; lastKnownFileType = sourcecode.cpp.cpp; path = TestClassResult.cpp; sourceTree = "<group>"; };
		8B446DFB2A4E0AB10066BDC8 /* TestCollection.cpp */ = {isa = PBXFileReference; fileEncoding = 4; lastKnownFileType = sourcecode.cpp.cpp; path = TestCollection.cpp; sourceTree = "<group>"; };
		8B446DFC2A4E0AB10066BDC8 /* Timer.cpp */ = {isa = PBXFileReference; fileEncoding = 4; lastKnownFileType = sourcecode.cpp.cpp; path = Timer.cpp; sourceTree = "<group>"; };
		8B446DFD2A4E0AB10066BDC8 /* TestClass.hpp */ = {isa = PBXFileReference; fileEncoding = 4; lastKnownFileType = sourcecode.cpp.h; path = TestClass.hpp; sourceTree = "<group>"; };
		8B446DFE2A4E0AB10066BDC8 /* TestMethodResult.cpp */ = {isa = PBXFileReference; fileEncoding = 4; lastKnownFileType = sourcecode.cpp.cpp; path = TestMethodResult.cpp; sourceTree = "<group>"; };
		8B446DFF2A4E0AB10066BDC8 /* TestError.cpp */ = {isa = PBXFileReference; fileEncoding = 4; lastKnownFileType = sourcecode.cpp.cpp; path = TestError.cpp; sourceTree = "<group>"; };
		8B446E002A4E0AB10066BDC8 /* Timer.hpp */ = {isa = PBXFileReference; fileEncoding = 4; lastKnownFileType = sourcecode.cpp.h; path = Timer.hpp; sourceTree = "<group>"; };
		8B446E0E2A4E0B980066BDC8 /* ArrayTests.hpp */ = {isa = PBXFileReference; lastKnownFileType = sourcecode.cpp.h; path = ArrayTests.hpp; sourceTree = "<group>"; };
		8B446E0F2A4E19E00066BDC8 /* Array.hpp */ = {isa = PBXFileReference; fileEncoding = 4; lastKnownFileType = sourcecode.cpp.h; path = Array.hpp; sourceTree = "<group>"; };
		8B95828E2A535EDF0067F2F3 /* ArrayIterator.hpp */ = {isa = PBXFileReference; lastKnownFileType = sourcecode.cpp.h; path = ArrayIterator.hpp; sourceTree = "<group>"; };
		8B95828F2A5360700067F2F3 /* ArrayImplementation.hpp */ = {isa = PBXFileReference; lastKnownFileType = sourcecode.cpp.h; path = ArrayImplementation.hpp; sourceTree = "<group>"; };
		8B95829A2A556FAA0067F2F3 /* BigInteger.cpp */ = {isa = PBXFileReference; lastKnownFileType = sourcecode.cpp.cpp; path = BigInteger.cpp; sourceTree = "<group>"; };
		8B95829B2A556FAA0067F2F3 /* BigInteger.hpp */ = {isa = PBXFileReference; lastKnownFileType = sourcecode.cpp.h; path = BigInteger.hpp; sourceTree = "<group>"; };
		8B95829D2A5583740067F2F3 /* BigIntegerTests.hpp */ = {isa = PBXFileReference; lastKnownFileType = sourcecode.cpp.h; path = BigIntegerTests.hpp; sourceTree = "<group>"; };
		8BBB784B2A52183700B7AF8A /* IntTypes.hpp */ = {isa = PBXFileReference; lastKnownFileType = sourcecode.cpp.h; path = IntTypes.hpp; sourceTree = "<group>"; };
		8BD7D5042A56CCB10041095A /* BitChunk.cpp */ = {isa = PBXFileReference; lastKnownFileType = sourcecode.cpp.cpp; path = BitChunk.cpp; sourceTree = "<group>"; };
		8BD7D5052A56CCB10041095A /* BitChunk.hpp */ = {isa = PBXFileReference; lastKnownFileType = sourcecode.cpp.h; path = BitChunk.hpp; sourceTree = "<group>"; };
		8BD7D5072A56CCBC0041095A /* String.cpp */ = {isa = PBXFileReference; lastKnownFileType = sourcecode.cpp.cpp; path = String.cpp; sourceTree = "<group>"; };
		8BD7D5082A56CCBC0041095A /* String.hpp */ = {isa = PBXFileReference; lastKnownFileType = sourcecode.cpp.h; path = String.hpp; sourceTree = "<group>"; };
/* End PBXFileReference section */

/* Begin PBXFrameworksBuildPhase section */
		8B446DE42A4E0A580066BDC8 /* Frameworks */ = {
			isa = PBXFrameworksBuildPhase;
			buildActionMask = 2147483647;
			files = (
			);
			runOnlyForDeploymentPostprocessing = 0;
		};
/* End PBXFrameworksBuildPhase section */

/* Begin PBXGroup section */
		8B2E60EA2A571ED50054CFB4 /* Tests */ = {
			isa = PBXGroup;
			children = (
				8B95829D2A5583740067F2F3 /* BigIntegerTests.hpp */,
				8B446E0E2A4E0B980066BDC8 /* ArrayTests.hpp */,
				8B2E60EB2A5725910054CFB4 /* StringTests.hpp */,
				8B2E60EC2A5737FB0054CFB4 /* BitChunkTests.hpp */,
			);
			path = Tests;
			sourceTree = "<group>";
		};
		8B446DDE2A4E0A580066BDC8 = {
			isa = PBXGroup;
			children = (
				8B446DE92A4E0A580066BDC8 /* AmvilinaCore */,
				8B446DE82A4E0A580066BDC8 /* Products */,
			);
			sourceTree = "<group>";
		};
		8B446DE82A4E0A580066BDC8 /* Products */ = {
			isa = PBXGroup;
			children = (
				8B446DE72A4E0A580066BDC8 /* AmvilinaCore */,
			);
			name = Products;
			sourceTree = "<group>";
		};
		8B446DE92A4E0A580066BDC8 /* AmvilinaCore */ = {
			isa = PBXGroup;
			children = (
				8BD7D5042A56CCB10041095A /* BitChunk.cpp */,
				8BD7D5052A56CCB10041095A /* BitChunk.hpp */,
				8BD7D5072A56CCBC0041095A /* String.cpp */,
				8BD7D5082A56CCBC0041095A /* String.hpp */,
				8B2E60EA2A571ED50054CFB4 /* Tests */,
				8B9582942A55593A0067F2F3 /* General */,
				8B9582932A5559050067F2F3 /* Array */,
				8B446E0B2A4E0B5A0066BDC8 /* UnitTestSystem */,
				8B446DEA2A4E0A580066BDC8 /* main.cpp */,
				8B95829A2A556FAA0067F2F3 /* BigInteger.cpp */,
				8B95829B2A556FAA0067F2F3 /* BigInteger.hpp */,
			);
			path = AmvilinaCore;
			sourceTree = "<group>";
		};
		8B446E0B2A4E0B5A0066BDC8 /* UnitTestSystem */ = {
			isa = PBXGroup;
			children = (
				8B172B5F2A4F0B84003C0CEF /* UnitTests.cpp */,
				8B172B602A4F0B84003C0CEF /* UnitTests.hpp */,
				8B446DF32A4E0AB10066BDC8 /* TestAllocator.cpp */,
				8B446DF72A4E0AB10066BDC8 /* TestAllocator.hpp */,
				8B446DF52A4E0AB10066BDC8 /* TestClass.cpp */,
				8B446DFD2A4E0AB10066BDC8 /* TestClass.hpp */,
				8B446DFA2A4E0AB10066BDC8 /* TestClassResult.cpp */,
				8B446DF62A4E0AB10066BDC8 /* TestClassResult.hpp */,
				8B446DFB2A4E0AB10066BDC8 /* TestCollection.cpp */,
				8B446DF82A4E0AB10066BDC8 /* TestCollection.hpp */,
				8B446DFF2A4E0AB10066BDC8 /* TestError.cpp */,
				8B446DF42A4E0AB10066BDC8 /* TestError.hpp */,
				8B446DFE2A4E0AB10066BDC8 /* TestMethodResult.cpp */,
				8B446DF22A4E0AB10066BDC8 /* TestMethodResult.hpp */,
				8B446DFC2A4E0AB10066BDC8 /* Timer.cpp */,
				8B446E002A4E0AB10066BDC8 /* Timer.hpp */,
			);
			path = UnitTestSystem;
			sourceTree = "<group>";
		};
		8B9582932A5559050067F2F3 /* Array */ = {
			isa = PBXGroup;
			children = (
				8B95828E2A535EDF0067F2F3 /* ArrayIterator.hpp */,
				8B446E0F2A4E19E00066BDC8 /* Array.hpp */,
				8B95828F2A5360700067F2F3 /* ArrayImplementation.hpp */,
			);
			path = Array;
			sourceTree = "<group>";
		};
		8B9582942A55593A0067F2F3 /* General */ = {
			isa = PBXGroup;
			children = (
				8B446DF92A4E0AB10066BDC8 /* Assert.hpp */,
				8BBB784B2A52183700B7AF8A /* IntTypes.hpp */,
			);
			path = General;
			sourceTree = "<group>";
		};
/* End PBXGroup section */

/* Begin PBXNativeTarget section */
		8B446DE62A4E0A580066BDC8 /* AmvilinaCore */ = {
			isa = PBXNativeTarget;
			buildConfigurationList = 8B446DEE2A4E0A580066BDC8 /* Build configuration list for PBXNativeTarget "AmvilinaCore" */;
			buildPhases = (
				8B446DE32A4E0A580066BDC8 /* Sources */,
				8B446DE42A4E0A580066BDC8 /* Frameworks */,
				8B446DE52A4E0A580066BDC8 /* CopyFiles */,
			);
			buildRules = (
			);
			dependencies = (
			);
			name = AmvilinaCore;
			productName = AmvilinaCore;
			productReference = 8B446DE72A4E0A580066BDC8 /* AmvilinaCore */;
			productType = "com.apple.product-type.tool";
		};
/* End PBXNativeTarget section */

/* Begin PBXProject section */
		8B446DDF2A4E0A580066BDC8 /* Project object */ = {
			isa = PBXProject;
			attributes = {
				BuildIndependentTargetsInParallel = 1;
				LastUpgradeCheck = 1410;
				TargetAttributes = {
					8B446DE62A4E0A580066BDC8 = {
						CreatedOnToolsVersion = 14.1;
					};
				};
			};
			buildConfigurationList = 8B446DE22A4E0A580066BDC8 /* Build configuration list for PBXProject "AmvilinaCore" */;
			compatibilityVersion = "Xcode 14.0";
			developmentRegion = en;
			hasScannedForEncodings = 0;
			knownRegions = (
				en,
				Base,
			);
			mainGroup = 8B446DDE2A4E0A580066BDC8;
			productRefGroup = 8B446DE82A4E0A580066BDC8 /* Products */;
			projectDirPath = "";
			projectRoot = "";
			targets = (
				8B446DE62A4E0A580066BDC8 /* AmvilinaCore */,
			);
		};
/* End PBXProject section */

/* Begin PBXSourcesBuildPhase section */
		8B446DE32A4E0A580066BDC8 /* Sources */ = {
			isa = PBXSourcesBuildPhase;
			buildActionMask = 2147483647;
			files = (
				8B446E072A4E0AB10066BDC8 /* TestError.cpp in Sources */,
				8B446E022A4E0AB10066BDC8 /* TestClass.cpp in Sources */,
				8B446E032A4E0AB10066BDC8 /* TestClassResult.cpp in Sources */,
				8BD7D5062A56CCB10041095A /* BitChunk.cpp in Sources */,
				8B446DEB2A4E0A580066BDC8 /* main.cpp in Sources */,
				8B172B612A4F0B84003C0CEF /* UnitTests.cpp in Sources */,
				8BD7D5092A56CCBC0041095A /* String.cpp in Sources */,
				8B446E052A4E0AB10066BDC8 /* Timer.cpp in Sources */,
				8B446E012A4E0AB10066BDC8 /* TestAllocator.cpp in Sources */,
				8B446E042A4E0AB10066BDC8 /* TestCollection.cpp in Sources */,
				8B446E062A4E0AB10066BDC8 /* TestMethodResult.cpp in Sources */,
				8B95829C2A556FAA0067F2F3 /* BigInteger.cpp in Sources */,
			);
			runOnlyForDeploymentPostprocessing = 0;
		};
/* End PBXSourcesBuildPhase section */

/* Begin XCBuildConfiguration section */
		8B446DEC2A4E0A580066BDC8 /* Debug */ = {
			isa = XCBuildConfiguration;
			buildSettings = {
				ALWAYS_SEARCH_USER_PATHS = NO;
				CLANG_ANALYZER_NONNULL = YES;
				CLANG_ANALYZER_NUMBER_OBJECT_CONVERSION = YES_AGGRESSIVE;
				CLANG_CXX_LANGUAGE_STANDARD = "gnu++20";
				CLANG_ENABLE_MODULES = YES;
				CLANG_ENABLE_OBJC_ARC = YES;
				CLANG_ENABLE_OBJC_WEAK = YES;
				CLANG_WARN_BLOCK_CAPTURE_AUTORELEASING = YES;
				CLANG_WARN_BOOL_CONVERSION = YES;
				CLANG_WARN_COMMA = YES;
				CLANG_WARN_CONSTANT_CONVERSION = YES;
				CLANG_WARN_DEPRECATED_OBJC_IMPLEMENTATIONS = YES;
				CLANG_WARN_DIRECT_OBJC_ISA_USAGE = YES_ERROR;
				CLANG_WARN_DOCUMENTATION_COMMENTS = YES;
				CLANG_WARN_EMPTY_BODY = YES;
				CLANG_WARN_ENUM_CONVERSION = YES;
				CLANG_WARN_INFINITE_RECURSION = YES;
				CLANG_WARN_INT_CONVERSION = YES;
				CLANG_WARN_NON_LITERAL_NULL_CONVERSION = YES;
				CLANG_WARN_OBJC_IMPLICIT_RETAIN_SELF = YES;
				CLANG_WARN_OBJC_LITERAL_CONVERSION = YES;
				CLANG_WARN_OBJC_ROOT_CLASS = YES_ERROR;
				CLANG_WARN_QUOTED_INCLUDE_IN_FRAMEWORK_HEADER = YES;
				CLANG_WARN_RANGE_LOOP_ANALYSIS = YES;
				CLANG_WARN_STRICT_PROTOTYPES = YES;
				CLANG_WARN_SUSPICIOUS_MOVE = YES;
				CLANG_WARN_UNGUARDED_AVAILABILITY = YES_AGGRESSIVE;
				CLANG_WARN_UNREACHABLE_CODE = YES;
				CLANG_WARN__DUPLICATE_METHOD_MATCH = YES;
				COPY_PHASE_STRIP = NO;
				DEBUG_INFORMATION_FORMAT = dwarf;
				ENABLE_STRICT_OBJC_MSGSEND = YES;
				ENABLE_TESTABILITY = YES;
				GCC_C_LANGUAGE_STANDARD = gnu11;
				GCC_DYNAMIC_NO_PIC = NO;
				GCC_NO_COMMON_BLOCKS = YES;
				GCC_OPTIMIZATION_LEVEL = 0;
				GCC_PREPROCESSOR_DEFINITIONS = (
					"DEBUG=1",
					"$(inherited)",
				);
				GCC_WARN_64_TO_32_BIT_CONVERSION = YES;
				GCC_WARN_ABOUT_RETURN_TYPE = YES_ERROR;
				GCC_WARN_UNDECLARED_SELECTOR = YES;
				GCC_WARN_UNINITIALIZED_AUTOS = YES_AGGRESSIVE;
				GCC_WARN_UNUSED_FUNCTION = YES;
				GCC_WARN_UNUSED_VARIABLE = YES;
				MACOSX_DEPLOYMENT_TARGET = 13.0;
				MTL_ENABLE_DEBUG_INFO = INCLUDE_SOURCE;
				MTL_FAST_MATH = YES;
				ONLY_ACTIVE_ARCH = YES;
				SDKROOT = macosx;
			};
			name = Debug;
		};
		8B446DED2A4E0A580066BDC8 /* Release */ = {
			isa = XCBuildConfiguration;
			buildSettings = {
				ALWAYS_SEARCH_USER_PATHS = NO;
				CLANG_ANALYZER_NONNULL = YES;
				CLANG_ANALYZER_NUMBER_OBJECT_CONVERSION = YES_AGGRESSIVE;
				CLANG_CXX_LANGUAGE_STANDARD = "gnu++20";
				CLANG_ENABLE_MODULES = YES;
				CLANG_ENABLE_OBJC_ARC = YES;
				CLANG_ENABLE_OBJC_WEAK = YES;
				CLANG_WARN_BLOCK_CAPTURE_AUTORELEASING = YES;
				CLANG_WARN_BOOL_CONVERSION = YES;
				CLANG_WARN_COMMA = YES;
				CLANG_WARN_CONSTANT_CONVERSION = YES;
				CLANG_WARN_DEPRECATED_OBJC_IMPLEMENTATIONS = YES;
				CLANG_WARN_DIRECT_OBJC_ISA_USAGE = YES_ERROR;
				CLANG_WARN_DOCUMENTATION_COMMENTS = YES;
				CLANG_WARN_EMPTY_BODY = YES;
				CLANG_WARN_ENUM_CONVERSION = YES;
				CLANG_WARN_INFINITE_RECURSION = YES;
				CLANG_WARN_INT_CONVERSION = YES;
				CLANG_WARN_NON_LITERAL_NULL_CONVERSION = YES;
				CLANG_WARN_OBJC_IMPLICIT_RETAIN_SELF = YES;
				CLANG_WARN_OBJC_LITERAL_CONVERSION = YES;
				CLANG_WARN_OBJC_ROOT_CLASS = YES_ERROR;
				CLANG_WARN_QUOTED_INCLUDE_IN_FRAMEWORK_HEADER = YES;
				CLANG_WARN_RANGE_LOOP_ANALYSIS = YES;
				CLANG_WARN_STRICT_PROTOTYPES = YES;
				CLANG_WARN_SUSPICIOUS_MOVE = YES;
				CLANG_WARN_UNGUARDED_AVAILABILITY = YES_AGGRESSIVE;
				CLANG_WARN_UNREACHABLE_CODE = YES;
				CLANG_WARN__DUPLICATE_METHOD_MATCH = YES;
				COPY_PHASE_STRIP = NO;
				DEBUG_INFORMATION_FORMAT = "dwarf-with-dsym";
				ENABLE_NS_ASSERTIONS = NO;
				ENABLE_STRICT_OBJC_MSGSEND = YES;
				GCC_C_LANGUAGE_STANDARD = gnu11;
				GCC_NO_COMMON_BLOCKS = YES;
				GCC_WARN_64_TO_32_BIT_CONVERSION = YES;
				GCC_WARN_ABOUT_RETURN_TYPE = YES_ERROR;
				GCC_WARN_UNDECLARED_SELECTOR = YES;
				GCC_WARN_UNINITIALIZED_AUTOS = YES_AGGRESSIVE;
				GCC_WARN_UNUSED_FUNCTION = YES;
				GCC_WARN_UNUSED_VARIABLE = YES;
				MACOSX_DEPLOYMENT_TARGET = 13.0;
				MTL_ENABLE_DEBUG_INFO = NO;
				MTL_FAST_MATH = YES;
				SDKROOT = macosx;
			};
			name = Release;
		};
		8B446DEF2A4E0A580066BDC8 /* Debug */ = {
			isa = XCBuildConfiguration;
			buildSettings = {
				CODE_SIGN_STYLE = Automatic;
				PRODUCT_NAME = "$(TARGET_NAME)";
			};
			name = Debug;
		};
		8B446DF02A4E0A580066BDC8 /* Release */ = {
			isa = XCBuildConfiguration;
			buildSettings = {
				CODE_SIGN_STYLE = Automatic;
				PRODUCT_NAME = "$(TARGET_NAME)";
			};
			name = Release;
		};
/* End XCBuildConfiguration section */

/* Begin XCConfigurationList section */
		8B446DE22A4E0A580066BDC8 /* Build configuration list for PBXProject "AmvilinaCore" */ = {
			isa = XCConfigurationList;
			buildConfigurations = (
				8B446DEC2A4E0A580066BDC8 /* Debug */,
				8B446DED2A4E0A580066BDC8 /* Release */,
			);
			defaultConfigurationIsVisible = 0;
			defaultConfigurationName = Release;
		};
		8B446DEE2A4E0A580066BDC8 /* Build configuration list for PBXNativeTarget "AmvilinaCore" */ = {
			isa = XCConfigurationList;
			buildConfigurations = (
				8B446DEF2A4E0A580066BDC8 /* Debug */,
				8B446DF02A4E0A580066BDC8 /* Release */,
			);
			defaultConfigurationIsVisible = 0;
			defaultConfigurationName = Release;
		};
/* End XCConfigurationList section */
	};
	rootObject = 8B446DDF2A4E0A580066BDC8 /* Project object */;
}
